
Microsoft Visual Studio Solution File, Format Version 12.00
# Visual Studio 15
VisualStudioVersion = 15.0.27703.2047
MinimumVisualStudioVersion = 10.0.40219.1
Project("{FAE04EC0-301F-11D3-BF4B-00C04F79EFBC}") = "VerticalNavigationBar_2", "VerticalNavigationBar_2\VerticalNavigationBar_2.csproj", "{BBB1C728-7706-4078-A482-E16E479B56E4}"
EndProject
Global
	GlobalSection(SolutionConfigurationPlatforms) = preSolution
		Debug|Any CPU = Debug|Any CPU
		Release|Any CPU = Release|Any CPU
	EndGlobalSection
	GlobalSection(ProjectConfigurationPlatforms) = postSolution
		{BBB1C728-7706-4078-A482-E16E479B56E4}.Debug|Any CPU.ActiveCfg = Debug|Any CPU
		{BBB1C728-7706-4078-A482-E16E479B56E4}.Debug|Any CPU.Build.0 = Debug|Any CPU
		{BBB1C728-7706-4078-A482-E16E479B56E4}.Release|Any CPU.ActiveCfg = Release|Any CPU
		{BBB1C728-7706-4078-A482-E16E479B56E4}.Release|Any CPU.Build.0 = Release|Any CPU
	EndGlobalSection
	GlobalSection(SolutionProperties) = preSolution
		HideSolutionNode = FALSE
	EndGlobalSection
	GlobalSection(ExtensibilityGlobals) = postSolution
		SolutionGuid = {46E9ADDA-0392-43E4-A1ED-1D620F64A349}
	EndGlobalSection
EndGlobal
